{
  "name": "dcdt",
  "version": "0.0.3",
  "lockfileVersion": 3,
  "requires": true,
  "packages": {
    "": {
      "name": "dcdt",
      "version": "0.0.3",
      "license": "ISC",
      "bin": {
        "dragoont": "dragoont.js"
      },
      "engines": {
        "vscode": "^1.98.0"
      }
    }
  }
}
